{
  "version": 4,
  "terraform_version": "1.7.1",
  "serial": 186,
  "lineage": "946d0f21-8018-047f-91c4-faa815790a74",
  "outputs": {},
  "resources": [
    {
      "mode": "managed",
      "type": "aws_lightsail_static_ip",
      "name": "static_ip",
      "provider": "provider[\"registry.terraform.io/hashicorp/aws\"]",
      "instances": [
        {
          "schema_version": 0,
          "attributes": {
            "arn": "arn:aws:lightsail:ap-southeast-2:767398131335:StaticIp/9644d407-7153-4618-ab61-ccea337f08c8",
            "id": "Wordpress-IP",
            "ip_address": "13.238.156.124",
            "name": "Wordpress-IP",
            "support_code": "533267434757/13.238.156.124"
          },
          "sensitive_attributes": [],
          "private": "bnVsbA=="
        }
      ]
    }
  ],
  "check_results": null
}
