{
  "version": 4,
  "terraform_version": "1.7.1",
  "serial": 276,
  "lineage": "946d0f21-8018-047f-91c4-faa815790a74",
  "outputs": {
    "instance_arn": {
      "value": "arn:aws:lightsail:ap-northeast-2:767398131335:Instance/477ecce5-dd11-448b-a792-57b1de8dab90",
      "type": "string"
    },
    "instance_ip": {
      "value": "54.180.221.29",
      "type": "string"
    }
  },
  "resources": [
    {
      "mode": "managed",
      "type": "aws_lightsail_instance",
      "name": "instance",
      "provider": "provider[\"registry.terraform.io/hashicorp/aws\"]",
      "instances": [
        {
          "schema_version": 0,
          "attributes": {
            "arn": "arn:aws:lightsail:ap-northeast-2:767398131335:Instance/477ecce5-dd11-448b-a792-57b1de8dab90",
            "availability_zone": "ap-northeast-2c",
            "blueprint_id": "wordpress",
            "bundle_id": "nano_3_0",
            "cpu_count": 2,
            "created_at": "2024-03-23T07:43:03Z",
            "id": "NP",
            "ipv6_address": "2406:da12:bd:3402:40c:47c1:c889:4e03",
            "ipv6_addresses": [
              "2406:da12:bd:3402:40c:47c1:c889:4e03"
            ],
            "is_static_ip": false,
            "key_pair_name": "LightsailDefaultKeyPair",
            "name": "NP",
            "private_ip_address": "172.26.47.227",
            "public_ip_address": "52.79.239.29",
            "ram_size": 0.5,
            "tags": {
              "Environment": "Development"
            },
            "tags_all": {
              "Environment": "Development"
            },
            "user_data": null,
            "username": "bitnami"
          },
          "sensitive_attributes": [],
          "private": "bnVsbA=="
        }
      ]
    },
    {
      "mode": "managed",
      "type": "aws_lightsail_key_pair",
      "name": "intance_key_pair",
      "provider": "provider[\"registry.terraform.io/hashicorp/aws\"]",
      "instances": [
        {
          "schema_version": 0,
          "attributes": {
            "arn": "arn:aws:lightsail:ap-northeast-2:767398131335:KeyPair/743ecd0a-e959-4292-80c7-69b014db0e9a",
            "encrypted_fingerprint": null,
            "encrypted_private_key": null,
            "fingerprint": "5a:59:7b:a3:dc:27:74:db:a1:5c:95:86:3e:fe:63:3a:ad:e0:97:7a",
            "id": "terraform-20240323074303208400000001",
            "name": "terraform-20240323074303208400000001",
            "name_prefix": null,
            "pgp_key": null,
            "private_key": "-----BEGIN RSA PRIVATE KEY-----\nMIIEogIBAAKCAQEAgWZVrwEsdzxQFFJHB5n9vEIuafrLgx5f5MuSGUBymuSrltQW\npJJcwUWfqMw+iG9i2ZF3qREC70QDxj8EaP6x4gB5HDuFpcTp2/oc5vjhwcwTp3Uz\nkzdYYeLI9xrPpdxYnSIiunKgRAVi45r7Moh7iXB/nrLxubMX/SOUPzurPYsW43Co\nX7/qdGUWhEsY7LQt2clNiBrIGcSfp1xgYBsGDaugDMTzm08aZpBVIIJzsL03dUu+\nqbof4GQ1qKo2xDNyrdsDrVwWI51YsBRz/KBwmRAyDoF2BtKxG4f8N12yyGIE/Mzw\nTuJIJD+COybwc934k3Y2Ei1LoByMRLpR8x9eQwIDAQABAoIBAAjKTt/IkKC49Cet\nPy4BA/+Z71U7uD97/L+qJI6ali53gkCIv9EGME7gz+vDlCvohSqKezp88VoXoLoC\n5eXMB4F2zsNgN7//FHPhFb2LAqsLlfo2N/60L8jWgxhmNdzqjwp9myZXSxPT2dfk\nW1QfeWTow4KgXVNkGykTFasF/qf7hiG1p1YtgUE48MbxrrRtbYUEuO7l/QzwaDFN\n5CsjDbWm/wrR7lPDvOQMnPpxKnSnkCOuM7zkXwyhXbamNfrLSQT6IEu3+AxdR/5z\nP4LLY19KdvyW/w4IXBMm5mHAkK4r7KEU0x+1KjhkLSZ37pRftdueKE5SLD9E1EAO\nVTLG46ECgYEAuxZ5ef8kyrKxOgpCOZa64uxFyEnfcc81h0bgwm6vSdD6wb7hG42M\nuf+rmaXQtfW01FpvsMbnuU7fNQwjHH90pW37UaQ0EEhCd11pvGmvb+XeizsCjOY+\nrq73stSeAGvw0XeeGx3ahf8EXj8a8ccosmF8OzZnaJIAqqw76sy8M88CgYEAsRAj\n+QZk3+MoXF5KykigKtDdHJxeEkUvWK5WCnK7CitmTjbVSZSn40oOTgygcFfIZiN3\nHR5jT0epq0b4ADhAiZyd1vYM5S0paFqH33pkzXvi2411gC8aNqoI9APQzrmPoaMA\nIRBaOIK09Okftx/PmM6cmcRmSRign8MgfLT8500CgYBm5D5czOikHdCAdiHj4DTa\nFk1ukMo1olrzEhUMeakntKokIeFVsOyDYswyTVJSsFYKL86bb1kDvg/d8dXhl2tE\njA8a4G7NwZ/kW9iKCam1pbtV4VdOvFYe5hVOIcbfvn2MBfhLO4jyBsWVO6mK7RhB\nuoGDYzFN/nYlZ2HwiTa8WwKBgHnnk+zCszbVzZbysGle4S85R9KH8diAW52hwclF\nvnK8+J3G8MfNGl3JQdoIpXlTZryzlDGvF06hFza+EMcN85kLBDzYgH5UvpqDIeMC\nAF7c+Y6RcSGEzHZwUOO3sM5zQWlWsSMSgBtCGlY4HsbUlvgs3/KaHpYa55O3IynY\n7fpNAoGAQb1Fcv1SfMPhbKiy4bjpcqQWhjwN4Lv+/Sc4YrErahgNAXIyJI0MUkj8\n4/4k1thAr0TKFSDhtDoGijU2JIClFlzQIqviDlCd+jbDurfOFUNKVZJyU+HjmduL\nTqX5JiYhYPMtbz9wz6iteX4GsflPAGMa/M81pXAt3VrrC0HFSvs=\n-----END RSA PRIVATE KEY-----",
            "public_key": "ssh-rsa ssh-rsa AAAAB3NzaC1yc2EAAAADAQABAAABAQCBZlWvASx3PFAUUkcHmf28Qi5p+suDHl/ky5IZQHKa5KuW1BakklzBRZ+ozD6Ib2LZkXepEQLvRAPGPwRo/rHiAHkcO4WlxOnb+hzm+OHBzBOndTOTN1hh4sj3Gs+l3FidIiK6cqBEBWLjmvsyiHuJcH+esvG5sxf9I5Q/O6s9ixbjcKhfv+p0ZRaESxjstC3ZyU2IGsgZxJ+nXGBgGwYNq6AMxPObTxpmkFUggnOwvTd1S76puh/gZDWoqjbEM3Kt2wOtXBYjnViwFHP8oHCZEDIOgXYG0rEbh/w3XbLIYgT8zPBO4kgkP4I7JvBz3fiTdjYSLUugHIxEulHzH15D "
          },
          "sensitive_attributes": [],
          "private": "bnVsbA=="
        }
      ]
    },
    {
      "mode": "managed",
      "type": "aws_lightsail_static_ip",
      "name": "static_ip",
      "provider": "provider[\"registry.terraform.io/hashicorp/aws\"]",
      "instances": [
        {
          "schema_version": 0,
          "attributes": {
            "arn": "arn:aws:lightsail:ap-northeast-2:767398131335:StaticIp/a21b5350-1c2b-4712-9a39-3b890bf75ab8",
            "id": "NP-IP",
            "ip_address": "54.180.221.29",
            "name": "NP-IP",
            "support_code": "533267434757/54.180.221.29"
          },
          "sensitive_attributes": [],
          "private": "bnVsbA=="
        }
      ]
    },
    {
      "mode": "managed",
      "type": "aws_lightsail_static_ip_attachment",
      "name": "static_ip_attachment",
      "provider": "provider[\"registry.terraform.io/hashicorp/aws\"]",
      "instances": [
        {
          "schema_version": 0,
          "attributes": {
            "id": "NP-IP",
            "instance_name": "NP",
            "ip_address": "54.180.221.29",
            "static_ip_name": "NP-IP"
          },
          "sensitive_attributes": [],
          "private": "bnVsbA==",
          "dependencies": [
            "aws_lightsail_instance.instance"
          ]
        }
      ]
    }
  ],
  "check_results": null
}
