{
  "version": 4,
  "terraform_version": "1.7.1",
  "serial": 271,
  "lineage": "946d0f21-8018-047f-91c4-faa815790a74",
  "outputs": {
    "instance_arn": {
      "value": "arn:aws:lightsail:ap-northeast-1:767398131335:Instance/64d856e2-fa2b-41f0-a224-5beebdbb2427",
      "type": "string"
    },
    "instance_ip": {
      "value": "52.199.190.220",
      "type": "string"
    }
  },
  "resources": [
    {
      "mode": "managed",
      "type": "aws_lightsail_instance",
      "name": "instance",
      "provider": "provider[\"registry.terraform.io/hashicorp/aws\"]",
      "instances": [
        {
          "schema_version": 0,
          "attributes": {
            "arn": "arn:aws:lightsail:ap-northeast-1:767398131335:Instance/64d856e2-fa2b-41f0-a224-5beebdbb2427",
            "availability_zone": "ap-northeast-1d",
            "blueprint_id": "wordpress",
            "bundle_id": "nano_3_0",
            "cpu_count": 2,
            "created_at": "2024-03-23T06:34:42Z",
            "id": "NP",
            "ipv6_address": "2406:da14:1867:3b02:db29:9a7c:833b:c3ae",
            "ipv6_addresses": [
              "2406:da14:1867:3b02:db29:9a7c:833b:c3ae"
            ],
            "is_static_ip": false,
            "key_pair_name": "LightsailDefaultKeyPair",
            "name": "NP",
            "private_ip_address": "172.26.41.138",
            "public_ip_address": "3.112.93.222",
            "ram_size": 0.5,
            "tags": {
              "Environment": "Development"
            },
            "tags_all": {
              "Environment": "Development"
            },
            "user_data": null,
            "username": "bitnami"
          },
          "sensitive_attributes": [],
          "private": "bnVsbA=="
        }
      ]
    },
    {
      "mode": "managed",
      "type": "aws_lightsail_key_pair",
      "name": "intance_key_pair",
      "provider": "provider[\"registry.terraform.io/hashicorp/aws\"]",
      "instances": [
        {
          "schema_version": 0,
          "attributes": {
            "arn": "arn:aws:lightsail:ap-northeast-1:767398131335:KeyPair/6ede9a71-fc35-495a-9c66-4424f0a74a8f",
            "encrypted_fingerprint": null,
            "encrypted_private_key": null,
            "fingerprint": "86:43:a7:64:45:36:59:f4:bc:d8:8f:16:5b:2e:bd:62:5f:d9:a5:96",
            "id": "terraform-20240323063442323300000001",
            "name": "terraform-20240323063442323300000001",
            "name_prefix": null,
            "pgp_key": null,
            "private_key": "-----BEGIN RSA PRIVATE KEY-----\nMIIEogIBAAKCAQEApHu/WwlD8mUNr6HKml2zukbgaZTYP2hA85BUKbeN0wIxrwKk\nhDy8ZSQ9hXeZ7k783YPSTxcy9UGHU248NCJbvQyAQvaiCNPle65p25yVNw6DZXKb\noQsvnDYzPTxqmRzJZRz5dBMVKcCkasEwIT7SWlgoE5GkDChL0Gfz3XDC+mmtrSh5\n5jyVVV6/EIU/RgVDvSuv1y21LfVxblyGvrnx39+aBMfknGJFlbO8v0bYELFaDaFK\nclvVjG707PvHwmIHR4MVqAGrAwrGb8QGh5RLlP/YCXyEIXErY+4csHC/tVnEfeHp\nyAEOJknCxQztSXAPs8yehD7ZAGfhwCn76bJDFwIDAQABAoIBAFEAzF018+tkztem\n0xMwgDmFfDEi51harFoGwxwEVGkNVJB+uaySCKm6rj2TiBAvgCJLMABZSXQ1AEMb\nL7TxEsLIbEYOFgBI8mP1ohZQR7/kets0FOa7jofcvWEz5r9eyOPt3//FAhAc2hvk\n5iIJQSjS73GrsOF32tZYy2VLigotxCMRAZh1184IR45vbR01SgqZ+DUDB9OHLHCH\nfGL2IenR73kdNI1GHf7oiXpyywO7asfozX5ndOdKNO2hjEkgShaQSAtaI3qn101C\nOL0XhqPQuQAP3XB/ukUOqv+ClHZJWYrkbQxzHCLx0q7yyYTrZvjb700mEbFGGFkS\nkV6c7OkCgYEA4W/ZqzmHoELhZOck4Q448paFQh53+gx7QyyARDPl1fhTcJ9q+nb8\nQQrrlgXuVSm34Yubz2vysqjQeq39zGg+kq3FK0ZkBc11JzRrlOufWlV4bqn0eRu9\nEd7gk5LpIoarA1WLOYvpsxACOKdN3P0NMT4bE/mLx2aUbIoLVE4xYCMCgYEAusho\nRW0nTPEs3wGbOdBQ8XhZEigUM088bHYJXnNs7sPIuAy0FIm3Dh+iZo01+vpncQqc\nZXsEWhjC8D3IXwi4uRXPBxLb8X3NIRteO+qHCHZBeFuteCtcz8l/RxbezxMc8eeb\nbyGW92pHJVgSxcXvLRP5WtC1+yKcuSd4ZmHshn0CgYBhffOOXuTOY94Buwxx36q1\nDm82tuJ/2qH73OTjmeYNcMT08ZxcENTqdASJ7qqxXcdN3QhW3YIpzWPLii82FObq\nnAemvVxIPiAqAjt8PaG+eTQJ96noLhzH+7D3YRM9gSu312jMTDuW2pd7VK8RoMXx\nw8AGFWdjpnMNtW1M2jv0LQKBgD6ZI7kA2AcFXRBwLWG22ynSN6fKHtsDVzDSblll\nPcDXhNGKEGBBt0PYfkj4UnsGqNxNvhSUoeTAH7T8P8b52U7ObE/mlifdDX5m+bIC\n67Z+S3rW3tBDWBubYDinBY1Izo6UHJemHj5VM/rkBYaay4nEA/HXuOWtt/Cltcg6\nUVbRAoGAQmHAJkDdWhGzI9WpQAS2mRSgXPbz47gGWrildQZND1Fo22CQAU8SEqEG\nJLY5g64ssILkbRqHPdOA7yfZPtJ06aaWP4qOFLlAWZm+Lgy8qRc/xdMd0z93QNOo\n2sHMJKGAGBInXxFZCev7tUQGmdFaDpwMETuke8/MtwrMpyahms0=\n-----END RSA PRIVATE KEY-----",
            "public_key": "ssh-rsa ssh-rsa AAAAB3NzaC1yc2EAAAADAQABAAABAQCke79bCUPyZQ2vocqaXbO6RuBplNg/aEDzkFQpt43TAjGvAqSEPLxlJD2Fd5nuTvzdg9JPFzL1QYdTbjw0Ilu9DIBC9qII0+V7rmnbnJU3DoNlcpuhCy+cNjM9PGqZHMllHPl0ExUpwKRqwTAhPtJaWCgTkaQMKEvQZ/PdcML6aa2tKHnmPJVVXr8QhT9GBUO9K6/XLbUt9XFuXIa+ufHf35oEx+ScYkWVs7y/RtgQsVoNoUpyW9WMbvTs+8fCYgdHgxWoAasDCsZvxAaHlEuU/9gJfIQhcStj7hywcL+1WcR94enIAQ4mScLFDO1JcA+zzJ6EPtkAZ+HAKfvpskMX "
          },
          "sensitive_attributes": [],
          "private": "bnVsbA=="
        }
      ]
    },
    {
      "mode": "managed",
      "type": "aws_lightsail_static_ip",
      "name": "static_ip",
      "provider": "provider[\"registry.terraform.io/hashicorp/aws\"]",
      "instances": [
        {
          "schema_version": 0,
          "attributes": {
            "arn": "arn:aws:lightsail:ap-northeast-1:767398131335:StaticIp/08c4bed4-fb94-4083-89a4-56c8949d8dc6",
            "id": "NP-IP",
            "ip_address": "52.199.190.220",
            "name": "NP-IP",
            "support_code": "533267434757/52.199.190.220"
          },
          "sensitive_attributes": [],
          "private": "bnVsbA=="
        }
      ]
    },
    {
      "mode": "managed",
      "type": "aws_lightsail_static_ip_attachment",
      "name": "static_ip_attachment",
      "provider": "provider[\"registry.terraform.io/hashicorp/aws\"]",
      "instances": [
        {
          "schema_version": 0,
          "attributes": {
            "id": "NP-IP",
            "instance_name": "NP",
            "ip_address": "52.199.190.220",
            "static_ip_name": "NP-IP"
          },
          "sensitive_attributes": [],
          "private": "bnVsbA==",
          "dependencies": [
            "aws_lightsail_instance.instance"
          ]
        }
      ]
    }
  ],
  "check_results": null
}
