{
  "version": 4,
  "terraform_version": "1.7.1",
  "serial": 290,
  "lineage": "946d0f21-8018-047f-91c4-faa815790a74",
  "outputs": {
    "instance_arn": {
      "value": "arn:aws:lightsail:ap-northeast-2:767398131335:Instance/21695d28-488f-4eb9-94ff-7848a6756f72",
      "type": "string"
    },
    "instance_ip": {
      "value": "43.202.214.24",
      "type": "string"
    }
  },
  "resources": [
    {
      "mode": "managed",
      "type": "aws_lightsail_instance",
      "name": "instance",
      "provider": "provider[\"registry.terraform.io/hashicorp/aws\"]",
      "instances": [
        {
          "schema_version": 0,
          "attributes": {
            "arn": "arn:aws:lightsail:ap-northeast-2:767398131335:Instance/21695d28-488f-4eb9-94ff-7848a6756f72",
            "availability_zone": "ap-northeast-2c",
            "blueprint_id": "wordpress",
            "bundle_id": "nano_3_0",
            "cpu_count": 2,
            "created_at": "2024-03-25T03:32:09Z",
            "id": "Swinburne-Lightsail",
            "ipv6_address": "2406:da12:bd:3402:e46:c690:af95:98eb",
            "ipv6_addresses": [
              "2406:da12:bd:3402:e46:c690:af95:98eb"
            ],
            "is_static_ip": false,
            "key_pair_name": "LightsailDefaultKeyPair",
            "name": "Swinburne-Lightsail",
            "private_ip_address": "172.26.39.251",
            "public_ip_address": "13.125.85.95",
            "ram_size": 0.5,
            "tags": {
              "Environment": "Development"
            },
            "tags_all": {
              "Environment": "Development"
            },
            "user_data": null,
            "username": "bitnami"
          },
          "sensitive_attributes": [],
          "private": "bnVsbA=="
        }
      ]
    },
    {
      "mode": "managed",
      "type": "aws_lightsail_key_pair",
      "name": "intance_key_pair",
      "provider": "provider[\"registry.terraform.io/hashicorp/aws\"]",
      "instances": [
        {
          "schema_version": 0,
          "attributes": {
            "arn": "arn:aws:lightsail:ap-northeast-2:767398131335:KeyPair/7891a1cd-36e0-4db4-b3f7-9d4f48ccdaba",
            "encrypted_fingerprint": null,
            "encrypted_private_key": null,
            "fingerprint": "84:20:d9:8a:68:17:6f:98:05:f0:cd:f7:b3:ca:38:81:77:dd:40:78",
            "id": "terraform-20240325033208794000000001",
            "name": "terraform-20240325033208794000000001",
            "name_prefix": null,
            "pgp_key": null,
            "private_key": "-----BEGIN RSA PRIVATE KEY-----\nMIIEogIBAAKCAQEAiiDBYL8j3OQMCyyMRzayha9ri2hpDsVgtjZo8CIwzN/NpuMc\nBndgG4pTHkxoAjO6Z7dpoArOTetoBePgY6VA+Oo/UW4X9w9xSV8YP16vbwLUw0FF\np5PhRfZqs1BlX4mMGQhIe3bopBEXOH8QYLOED5DVd1/zOlIdyC8omF8ZiDf3lH15\nvTSA/YxW1R2AJ0wIyzgeJ8yHx68LTYmbilS1/jRvOfIKa2f0E05sOj/amx9GIzC9\nd3CQEwTIcdHQwaDqRINz9g30ng4o/PQTjqbEnklrlux1u+ZZalr1j7EZlipYlMiy\nPMWiJ24vqiFHmqhYOI7Nx7zmwgDy5V1apR26zwIDAQABAoIBACjat1eeMUVMTiOf\n8X2+t97Cm9SH9UrhJlG+lhswga6XI4SQ9+ERveNnbl4vyzObiS7UGPG1QH/beNEF\nLYFLh4QYBNJY9c2lS6Sf89QKdWkoNTXrQGboXmELGVQgG1u+mylsQcQCz5x3UZ7s\nNjPj5NOVyw2b250MXLKxABjRSAP52m7lxft2RF1iyX9S5PD06ptM3GL0Ml70sbpZ\n+9JWpdyoO6sx3h9aO6Qe6arA19wYbdfuKXbAnFyL7vsBslrv91eETS1irmmugg6l\nSwltX0bSJ3Svep9xbeiax2AzZejkOu84gRnpyecsKugGeEQZrAXXZJdM5/tQiNEU\nNm0vGoECgYEAxK3ZAeBUAW/BFtRBUDjDmKY2ckEpo7+DX3vI0evniI/dkkGm8OVo\npR93sZ+lyLVsA4Fz3Uab5WU1EvWE+9GigNNu6jEDzW1eblLGSPReheSNBP32FiN4\nTn1XdZW0GEUFGnCbe+fza4fRxPK0M2RmGYWoydRQYz3P7MfGU14uhskCgYEAs8oB\n6F4/RbZ7Y+XcPI81WMrI8HkQs2Ot7wcqQSmKVdpXz0uU1DK8tO40lDq9iQKKPalK\nwDfh1RV0RYGS6lL2CPx+3rF+2csxh1q8S/Czr51Ly9RapfmvDhGPmPopuMgVcyJV\nx3fcMzrXqVBlJqrgFzDLCp/U6NX2A6oLJhwSSNcCgYAMOepljXZraHEOZD9zJzQx\nhxOXYqmd/kfCZcWEFzAbcyYI83/XNcudiCk+p3f81BpU1XVIah1C01nLRevwY4XA\nkGQytr1Pxd666PZejqJZnG2Pw+HKWoYeCvim3JmHcLLyg9GGkFK3eof1wEincTRP\nndlyQnqE0NDeHUUc5Zvq0QKBgCJ/TVRn2R4oQI7PiS25kNPjvSCfKjwxkSs/JbVx\nIhENHzIwX3ND9P+GgWI7zyhd62afeC9fyZ5YSoIXtbfuiTT6NeHHDv79RRiiqWSs\n391/gg6vRWF5gkRhzDrfLWg+RBdebDUk44SU8tKTEYWU3gC1JRB50KGIhHb5hsAe\nPMfrAoGAdv1ClsR+l9Imhb4PLcwWBm+DNLRpKJiz9cTcd66RSJF5oEBsfqzPy6Nc\nmEovO0y1hU/eVo1BW/QnL3w3g8f2ABzVEmHvOarwf3bAbNdMRdR8k6iuAKPYJVjS\nwHyh2h+QrABs0YR49mZz9MWuDyi55eLQbTPuatLEg7gXXoFRWwc=\n-----END RSA PRIVATE KEY-----",
            "public_key": "ssh-rsa ssh-rsa AAAAB3NzaC1yc2EAAAADAQABAAABAQCKIMFgvyPc5AwLLIxHNrKFr2uLaGkOxWC2NmjwIjDM382m4xwGd2AbilMeTGgCM7pnt2mgCs5N62gF4+BjpUD46j9Rbhf3D3FJXxg/Xq9vAtTDQUWnk+FF9mqzUGVfiYwZCEh7duikERc4fxBgs4QPkNV3X/M6Uh3ILyiYXxmIN/eUfXm9NID9jFbVHYAnTAjLOB4nzIfHrwtNiZuKVLX+NG858gprZ/QTTmw6P9qbH0YjML13cJATBMhx0dDBoOpEg3P2DfSeDij89BOOpsSeSWuW7HW75llqWvWPsRmWKliUyLI8xaInbi+qIUeaqFg4js3HvObCAPLlXVqlHbrP "
          },
          "sensitive_attributes": [],
          "private": "bnVsbA=="
        }
      ]
    },
    {
      "mode": "managed",
      "type": "aws_lightsail_static_ip",
      "name": "static_ip",
      "provider": "provider[\"registry.terraform.io/hashicorp/aws\"]",
      "instances": [
        {
          "schema_version": 0,
          "attributes": {
            "arn": "arn:aws:lightsail:ap-northeast-2:767398131335:StaticIp/0da36e91-e10d-4bad-93c2-a600aa97f22c",
            "id": "Swinburne-Lightsail-IP",
            "ip_address": "43.202.214.24",
            "name": "Swinburne-Lightsail-IP",
            "support_code": "533267434757/43.202.214.24"
          },
          "sensitive_attributes": [],
          "private": "bnVsbA=="
        }
      ]
    },
    {
      "mode": "managed",
      "type": "aws_lightsail_static_ip_attachment",
      "name": "static_ip_attachment",
      "provider": "provider[\"registry.terraform.io/hashicorp/aws\"]",
      "instances": [
        {
          "schema_version": 0,
          "attributes": {
            "id": "Swinburne-Lightsail-IP",
            "instance_name": "Swinburne-Lightsail",
            "ip_address": "43.202.214.24",
            "static_ip_name": "Swinburne-Lightsail-IP"
          },
          "sensitive_attributes": [],
          "private": "bnVsbA==",
          "dependencies": [
            "aws_lightsail_instance.instance"
          ]
        }
      ]
    }
  ],
  "check_results": null
}
