{
  "version": 4,
  "terraform_version": "1.5.0",
  "serial": 37,
  "lineage": "946d0f21-8018-047f-91c4-faa815790a74",
  "outputs": {},
  "resources": [
    {
      "mode": "managed",
      "type": "aws_lightsail_instance",
      "name": "instance",
      "provider": "provider[\"registry.terraform.io/hashicorp/aws\"]",
      "instances": [
        {
          "schema_version": 0,
          "attributes": {
            "arn": "arn:aws:lightsail:ap-southeast-2:767398131335:Instance/4efddbd8-1c81-4f51-913b-eb5824eb096d",
            "availability_zone": "ap-southeast-2a",
            "blueprint_id": "wordpress",
            "bundle_id": "small_3_2",
            "cpu_count": 2,
            "created_at": "2024-02-26T00:12:56Z",
            "id": "Wordpress-Instance",
            "ipv6_address": "2406:da1c:582:5900:690:a059:7298:a54a",
            "ipv6_addresses": [
              "2406:da1c:582:5900:690:a059:7298:a54a"
            ],
            "is_static_ip": true,
            "key_pair_name": "Wordpress-KP",
            "name": "Wordpress-Instance",
            "private_ip_address": "172.26.9.222",
            "public_ip_address": "52.62.118.23",
            "ram_size": 2,
            "tags": {
              "Environment": "Development"
            },
            "tags_all": {
              "Environment": "Development"
            },
            "user_data": null,
            "username": "bitnami"
          },
          "sensitive_attributes": [],
          "private": "bnVsbA=="
        }
      ]
    },
    {
      "mode": "managed",
      "type": "aws_lightsail_static_ip_attachment",
      "name": "static_ip_attachment",
      "provider": "provider[\"registry.terraform.io/hashicorp/aws\"]",
      "instances": [
        {
          "schema_version": 0,
          "attributes": {
            "id": "Wordpress-IP",
            "instance_name": "Wordpress-Instance",
            "ip_address": "52.62.118.23",
            "static_ip_name": "Wordpress-IP"
          },
          "sensitive_attributes": [],
          "private": "bnVsbA==",
          "dependencies": [
            "aws_lightsail_instance.instance"
          ]
        }
      ]
    }
  ],
  "check_results": null
}
