{
  "version": 4,
  "terraform_version": "1.7.1",
  "serial": 198,
  "lineage": "946d0f21-8018-047f-91c4-faa815790a74",
  "outputs": {},
  "resources": [
    {
      "mode": "managed",
      "type": "aws_lightsail_static_ip",
      "name": "static_ip",
      "provider": "provider[\"registry.terraform.io/hashicorp/aws\"]",
      "instances": [
        {
          "schema_version": 0,
          "attributes": {
            "arn": "arn:aws:lightsail:ap-southeast-2:767398131335:StaticIp/ed4a586c-4ecb-4abf-a496-98486a1d7045",
            "id": "Wordpress-IP",
            "ip_address": "52.64.225.29",
            "name": "Wordpress-IP",
            "support_code": "533267434757/52.64.225.29"
          },
          "sensitive_attributes": [],
          "private": "bnVsbA=="
        }
      ]
    }
  ],
  "check_results": null
}
