{
  "version": 4,
  "terraform_version": "1.7.1",
  "serial": 285,
  "lineage": "946d0f21-8018-047f-91c4-faa815790a74",
  "outputs": {
    "instance_arn": {
      "value": "arn:aws:lightsail:ap-northeast-1:767398131335:Instance/d2a5df00-aabe-446c-93db-0875108e1568",
      "type": "string"
    },
    "instance_ip": {
      "value": "54.95.205.240",
      "type": "string"
    }
  },
  "resources": [
    {
      "mode": "managed",
      "type": "aws_lightsail_instance",
      "name": "instance",
      "provider": "provider[\"registry.terraform.io/hashicorp/aws\"]",
      "instances": [
        {
          "schema_version": 0,
          "attributes": {
            "arn": "arn:aws:lightsail:ap-northeast-1:767398131335:Instance/d2a5df00-aabe-446c-93db-0875108e1568",
            "availability_zone": "ap-northeast-1d",
            "blueprint_id": "wordpress",
            "bundle_id": "nano_3_0",
            "cpu_count": 2,
            "created_at": "2024-03-25T02:22:15Z",
            "id": "Swinburne-Lightsail",
            "ipv6_address": "2406:da14:1867:3b02:e22a:59b6:bd7c:4cd7",
            "ipv6_addresses": [
              "2406:da14:1867:3b02:e22a:59b6:bd7c:4cd7"
            ],
            "is_static_ip": false,
            "key_pair_name": "LightsailDefaultKeyPair",
            "name": "Swinburne-Lightsail",
            "private_ip_address": "172.26.39.210",
            "public_ip_address": "3.112.109.227",
            "ram_size": 0.5,
            "tags": {
              "Environment": "Development"
            },
            "tags_all": {
              "Environment": "Development"
            },
            "user_data": null,
            "username": "bitnami"
          },
          "sensitive_attributes": [],
          "private": "bnVsbA=="
        }
      ]
    },
    {
      "mode": "managed",
      "type": "aws_lightsail_key_pair",
      "name": "intance_key_pair",
      "provider": "provider[\"registry.terraform.io/hashicorp/aws\"]",
      "instances": [
        {
          "schema_version": 0,
          "attributes": {
            "arn": "arn:aws:lightsail:ap-northeast-1:767398131335:KeyPair/20dba0fe-d3ff-455e-97d9-bc61340f9381",
            "encrypted_fingerprint": null,
            "encrypted_private_key": null,
            "fingerprint": "d2:5a:87:01:22:c2:06:8d:cc:c6:1d:45:db:23:80:f0:67:85:d8:ce",
            "id": "terraform-20240325022214342700000001",
            "name": "terraform-20240325022214342700000001",
            "name_prefix": null,
            "pgp_key": null,
            "private_key": "-----BEGIN RSA PRIVATE KEY-----\nMIIEowIBAAKCAQEAnI2kIJVjPauj6o6o2qwWqNi12UNsiWi799ofzhbfBPDfJSnY\nVFVUE0gf91Gtc41x2Wgp6KNxuRsbF2/DY2JKsuh2lbgsDKScNGC+iMoVrddAv5xN\nxCcoDoj/XP6mb8E5v9+xYaivMDrH3UpU8W1qDOTeSk3bsPWlmgG39xH2BQ4HcxmY\nigskoZtlisacB0vEkEWxSHaUwE5eBlcuGvez6ZvluiHqSOejP8wy86pD962eR0pk\nCu9qynXFDDeNH016ME5A5TVYom4tLK2XxB0enGm+z5YafHXWeqVjeVKrCHOK9FF8\niMXaVcg3zqa/wDPypre86VAYI0u2rdhLmVc2BwIDAQABAoIBAFYQF7ZB6bixbv83\nReRQznQsDmxOAJDZntv2cZ2ePSQ+Nq37fw19iya+c7RGlo/7pibaeI+HqrEUEaSk\nsEkmc+I+oVJVWQHqTGUO+i/AyII030d26dl3nTHAZoH9DApLsy+kDaOeVBCzf8RL\nZL8EY1SLTRiUDL4PjOZJI5UTrqe/3OoF8+eRESYVqOMLjbxaIlz9GIEsv2JyueyW\nQOy5Fqm5+E6pC8DXYHNtJu9EH2sOoJZBGs8ehA9/NPFmKnq28bm1jYxM2GzlSutG\neink1PPuJSA/aRhngqiBS+l9CEno2FX2VSJhpKYbe3m32TVf7HCR+IzHj9YXT43I\nLG9SUqECgYEA4dmrzsGoRlLobiNqDlMI/5mc3oUHQynN3AZ2+tnUHWoBhd4VQPxs\nW7hL+hVfEuUHpPRluc8H4LBmjvMaXQvHSv0zsJbn7VHbVzJvUGL2C95UUYnTcsx0\n4WQdwU9NEzDZ52PQZ602nxqvlYU0qFBRqdYDUv6OJJx9UI0Bw0B9lMMCgYEAsXPG\n/gMg1pUjWwwmsAn7x45hunl/20V7uu8wy5O4U4s5J9WsWWsnyzfvc007mOCGdMF4\n9xYfKvU6scJnXveEnjZvLql22pNpJD+kBUQ5z81wK/9wj9BmoXgpLt0E3rTjb49g\ndYRXDBu+1iYtqH732Ba4Yok9Ypbe9R0AwKB7tW0CgYByd6BcakqfWeXz7H8UQ4GM\nCo83OLU1lTqBCcXD3iNjxRaAgs7C4S0KT54yYiKNsQbu0++6/PNBLibMzOnPvuiD\nWVGZbuKdpZ9F0ooYdA/AdC7IJNLGnFmg4t0x3L9zuo62eCBoa6IDgcL8RUcrB4pc\nSdvldJ8WbzoUWWNLUqRTgQKBgQCCPn4h1l314cTvgL2sm8dHMwQcAC2N3TPxgroH\n0caK2zb6O+SiRPoSOF3x/Q/vJ2zIqXCFuqDpwNBxxERm+blG/qEgWJW53FRhnKxg\niTD9isX4JSaTB90sSqu/j82RQKdmLJAZ8SaK5pptR9xfPcHfwt1WxXBeummu8rio\nqaHjCQKBgAK2gcnqtO65013K0ezBESbcZft+60pkv760UVNPurnequ1FHMG6VJvX\nZa46jry5+SN7NPuID2wlmErX27eEITDNkGG/kwqGwr9roGO50y7o6hojCk09pyaU\nQuduJqPedlfXg7EJn8uGVUwyIETKfZKjUid+sN1iMQzwTnNDt9r/\n-----END RSA PRIVATE KEY-----",
            "public_key": "ssh-rsa ssh-rsa AAAAB3NzaC1yc2EAAAADAQABAAABAQCcjaQglWM9q6PqjqjarBao2LXZQ2yJaLv32h/OFt8E8N8lKdhUVVQTSB/3Ua1zjXHZaCnoo3G5GxsXb8NjYkqy6HaVuCwMpJw0YL6IyhWt10C/nE3EJygOiP9c/qZvwTm/37FhqK8wOsfdSlTxbWoM5N5KTduw9aWaAbf3EfYFDgdzGZiKCyShm2WKxpwHS8SQRbFIdpTATl4GVy4a97Ppm+W6IepI56M/zDLzqkP3rZ5HSmQK72rKdcUMN40fTXowTkDlNViibi0srZfEHR6cab7Plhp8ddZ6pWN5UqsIc4r0UXyIxdpVyDfOpr/AM/Kmt7zpUBgjS7at2EuZVzYH "
          },
          "sensitive_attributes": [],
          "private": "bnVsbA=="
        }
      ]
    },
    {
      "mode": "managed",
      "type": "aws_lightsail_static_ip",
      "name": "static_ip",
      "provider": "provider[\"registry.terraform.io/hashicorp/aws\"]",
      "instances": [
        {
          "schema_version": 0,
          "attributes": {
            "arn": "arn:aws:lightsail:ap-northeast-1:767398131335:StaticIp/93d269f6-941f-4f63-b201-a0e430d07a59",
            "id": "Swinburne-Lightsail-IP",
            "ip_address": "54.95.205.240",
            "name": "Swinburne-Lightsail-IP",
            "support_code": "533267434757/54.95.205.240"
          },
          "sensitive_attributes": [],
          "private": "bnVsbA=="
        }
      ]
    },
    {
      "mode": "managed",
      "type": "aws_lightsail_static_ip_attachment",
      "name": "static_ip_attachment",
      "provider": "provider[\"registry.terraform.io/hashicorp/aws\"]",
      "instances": [
        {
          "schema_version": 0,
          "attributes": {
            "id": "Swinburne-Lightsail-IP",
            "instance_name": "Swinburne-Lightsail",
            "ip_address": "54.95.205.240",
            "static_ip_name": "Swinburne-Lightsail-IP"
          },
          "sensitive_attributes": [],
          "private": "bnVsbA==",
          "dependencies": [
            "aws_lightsail_instance.instance"
          ]
        }
      ]
    }
  ],
  "check_results": null
}
